
Microsoft Visual Studio Solution File, Format Version 12.00
# Visual Studio 15
VisualStudioVersion = 15.0.27428.2027
MinimumVisualStudioVersion = 10.0.40219.1
Project("{8BC9CEB8-8B4A-11D0-8D11-00A0C91BC942}") = "zmija", "zmija\zmija.vcxproj", "{17406E84-7924-49F9-A1FC-DCDFE413BBFE}"
EndProject
Global
	GlobalSection(SolutionConfigurationPlatforms) = preSolution
		Debug|x64 = Debug|x64
		Debug|x86 = Debug|x86
		Release|x64 = Release|x64
		Release|x86 = Release|x86
	EndGlobalSection
	GlobalSection(ProjectConfigurationPlatforms) = postSolution
		{17406E84-7924-49F9-A1FC-DCDFE413BBFE}.Debug|x64.ActiveCfg = Debug|x64
		{17406E84-7924-49F9-A1FC-DCDFE413BBFE}.Debug|x64.Build.0 = Debug|x64
		{17406E84-7924-49F9-A1FC-DCDFE413BBFE}.Debug|x86.ActiveCfg = Debug|Win32
		{17406E84-7924-49F9-A1FC-DCDFE413BBFE}.Debug|x86.Build.0 = Debug|Win32
		{17406E84-7924-49F9-A1FC-DCDFE413BBFE}.Release|x64.ActiveCfg = Release|x64
		{17406E84-7924-49F9-A1FC-DCDFE413BBFE}.Release|x64.Build.0 = Release|x64
		{17406E84-7924-49F9-A1FC-DCDFE413BBFE}.Release|x86.ActiveCfg = Release|Win32
		{17406E84-7924-49F9-A1FC-DCDFE413BBFE}.Release|x86.Build.0 = Release|Win32
	EndGlobalSection
	GlobalSection(SolutionProperties) = preSolution
		HideSolutionNode = FALSE
	EndGlobalSection
	GlobalSection(ExtensibilityGlobals) = postSolution
		SolutionGuid = {D50EEBD9-6ECB-4A41-8010-20F98E6CEC82}
	EndGlobalSection
EndGlobal
